
Microsoft Visual Studio Solution File, Format Version 12.00
# Visual Studio Version 16
VisualStudioVersion = 16.0.31005.135
MinimumVisualStudioVersion = 10.0.40219.1
Project("{FAE04EC0-301F-11D3-BF4B-00C04F79EFBC}") = "Voting_FInals", "Voting_FInals\Voting_FInals.csproj", "{FC6A4FD9-1C02-4828-8135-38FD28B46A30}"
EndProject
Global
	GlobalSection(SolutionConfigurationPlatforms) = preSolution
		Debug|Any CPU = Debug|Any CPU
		Release|Any CPU = Release|Any CPU
	EndGlobalSection
	GlobalSection(ProjectConfigurationPlatforms) = postSolution
		{FC6A4FD9-1C02-4828-8135-38FD28B46A30}.Debug|Any CPU.ActiveCfg = Debug|Any CPU
		{FC6A4FD9-1C02-4828-8135-38FD28B46A30}.Debug|Any CPU.Build.0 = Debug|Any CPU
		{FC6A4FD9-1C02-4828-8135-38FD28B46A30}.Release|Any CPU.ActiveCfg = Release|Any CPU
		{FC6A4FD9-1C02-4828-8135-38FD28B46A30}.Release|Any CPU.Build.0 = Release|Any CPU
	EndGlobalSection
	GlobalSection(SolutionProperties) = preSolution
		HideSolutionNode = FALSE
	EndGlobalSection
	GlobalSection(ExtensibilityGlobals) = postSolution
		SolutionGuid = {A5799EE8-D08F-40BE-83F8-5EA87CAAFCEB}
	EndGlobalSection
EndGlobal
